
Microsoft Visual Studio Solution File, Format Version 12.00
# Visual Studio 15
VisualStudioVersion = 15.0.28010.2048
MinimumVisualStudioVersion = 10.0.40219.1
Project("{8BC9CEB8-8B4A-11D0-8D11-00A0C91BC942}") = "002AddTwoNumbers", "002AddTwoNumbers\002AddTwoNumbers.vcxproj", "{DC1FE67B-4682-4AAE-807D-17988DFA2A36}"
EndProject
Project("{8BC9CEB8-8B4A-11D0-8D11-00A0C91BC942}") = "001TwoSum", "001TwoSum\001TwoSum.vcxproj", "{07E0AC43-5285-49E4-9191-61A31A1BFE59}"
EndProject
Project("{8BC9CEB8-8B4A-11D0-8D11-00A0C91BC942}") = "003LongestSubString", "003LongestSubString\003LongestSubString.vcxproj", "{5CB8251E-B3F6-46CE-A6EC-3C18908DF677}"
EndProject
Project("{8BC9CEB8-8B4A-11D0-8D11-00A0C91BC942}") = "007ReverseIntenger", "007ReverseIntenger\007ReverseIntenger.vcxproj", "{04CA60A9-3A27-41A6-850F-68439508345D}"
EndProject
Project("{8BC9CEB8-8B4A-11D0-8D11-00A0C91BC942}") = "083RemoveDuplicatesFromSortedList", "083RemoveDuplicatesFromSortedList\083RemoveDuplicatesFromSortedList.vcxproj", "{A7A4012C-5DC8-4455-B274-1BAC9BC29AFF}"
EndProject
Project("{8BC9CEB8-8B4A-11D0-8D11-00A0C91BC942}") = "004MedianOfTwoSortedArrays", "004MedianOfTwoSortedArrays\004MedianOfTwoSortedArrays.vcxproj", "{D10A4053-6BA7-4958-B518-1EFB3EC7F77F}"
EndProject
Project("{2150E333-8FDC-42A3-9474-1A3956D46DE8}") = "临时组别", "临时组别", "{94842CB8-38C1-4128-B747-6E11B9D0E24E}"
EndProject
Project("{2150E333-8FDC-42A3-9474-1A3956D46DE8}") = "动态规划", "动态规划", "{E5325094-F56C-404B-B6DB-7937AFC14A5A}"
EndProject
Project("{8BC9CEB8-8B4A-11D0-8D11-00A0C91BC942}") = "070ClimbingStairs", "070ClimbingStairs\070ClimbingStairs.vcxproj", "{4EE26A06-F1CF-4E42-BF46-024E04CAADA4}"
EndProject
Project("{8BC9CEB8-8B4A-11D0-8D11-00A0C91BC942}") = "121BestTimeToBuyAndSellStock", "121\121.vcxproj", "{56581EFF-D3C3-4716-BA9B-003B66F0457C}"
EndProject
Project("{8BC9CEB8-8B4A-11D0-8D11-00A0C91BC942}") = "053", "053\053.vcxproj", "{9D70D21A-B9F8-4789-AA9E-F79769DD842C}"
EndProject
Project("{8BC9CEB8-8B4A-11D0-8D11-00A0C91BC942}") = "198", "198\198.vcxproj", "{99FB590E-FCE2-4A81-B948-D9016B4847EB}"
EndProject
Project("{2150E333-8FDC-42A3-9474-1A3956D46DE8}") = "递归回溯", "递归回溯", "{127ADCBA-1C32-4A3C-BEA4-9737FADA1FE2}"
EndProject
Project("{8BC9CEB8-8B4A-11D0-8D11-00A0C91BC942}") = "017", "017\017.vcxproj", "{1AE5C379-95C7-4916-BE76-445262FC5B31}"
EndProject
Project("{8BC9CEB8-8B4A-11D0-8D11-00A0C91BC942}") = "022", "022\022.vcxproj", "{828BF3BF-D2ED-4393-A982-013DCBBA05A5}"
EndProject
Project("{8BC9CEB8-8B4A-11D0-8D11-00A0C91BC942}") = "046", "046\046.vcxproj", "{179846C8-D8B3-465A-BE48-F1641869783A}"
EndProject
Project("{8BC9CEB8-8B4A-11D0-8D11-00A0C91BC942}") = "078", "078\078.vcxproj", "{02E3F5F6-BE31-4F95-8B53-73835A32EEB3}"
EndProject
Project("{8BC9CEB8-8B4A-11D0-8D11-00A0C91BC942}") = "055", "055\055.vcxproj", "{D04DAD1C-F118-4A02-BCC8-327776F66F18}"
EndProject
Project("{8BC9CEB8-8B4A-11D0-8D11-00A0C91BC942}") = "062", "062\062.vcxproj", "{76183348-814E-4354-BE41-309353E0D31A}"
EndProject
Project("{8BC9CEB8-8B4A-11D0-8D11-00A0C91BC942}") = "300", "300\300.vcxproj", "{340792B7-683D-4C48-9688-76A76D3F2D8F}"
EndProject
Project("{8BC9CEB8-8B4A-11D0-8D11-00A0C91BC942}") = "312", "312\312.vcxproj", "{53412AE6-7396-46F2-83B8-F1ABF71F654D}"
EndProject
Project("{8BC9CEB8-8B4A-11D0-8D11-00A0C91BC942}") = "005", "005\005.vcxproj", "{2F9518D5-F7D4-4AD1-B23B-FFC9C1649F52}"
EndProject
Project("{8BC9CEB8-8B4A-11D0-8D11-00A0C91BC942}") = "009", "009\009.vcxproj", "{2ED04EE2-3028-441F-9D31-972027F4C689}"
EndProject
Project("{8BC9CEB8-8B4A-11D0-8D11-00A0C91BC942}") = "079", "079\079.vcxproj", "{00DA5D6D-C97E-4353-9556-A0FAAD73B551}"
EndProject
Project("{8BC9CEB8-8B4A-11D0-8D11-00A0C91BC942}") = "080", "080\080.vcxproj", "{C50DFC06-B1D4-4494-9858-F599609ED2E3}"
EndProject
Project("{8BC9CEB8-8B4A-11D0-8D11-00A0C91BC942}") = "026", "026\026.vcxproj", "{713BCB74-637B-4330-9447-F80045C213D2}"
EndProject
Project("{8BC9CEB8-8B4A-11D0-8D11-00A0C91BC942}") = "107", "107\107.vcxproj", "{FAF0555B-B75D-443C-AC7F-7276920BDC99}"
EndProject
Project("{8BC9CEB8-8B4A-11D0-8D11-00A0C91BC942}") = "589", "589\589.vcxproj", "{E8FF4F72-8DA0-4D2F-B110-9E031A459CCA}"
EndProject
Project("{8BC9CEB8-8B4A-11D0-8D11-00A0C91BC942}") = "590", "590\590.vcxproj", "{265E0337-919A-4B06-934A-5E41F23485E8}"
EndProject
Project("{8BC9CEB8-8B4A-11D0-8D11-00A0C91BC942}") = "075", "075\075.vcxproj", "{9326669A-9200-4A58-BE17-701D2CACEA01}"
EndProject
Global
	GlobalSection(SolutionConfigurationPlatforms) = preSolution
		Debug|x64 = Debug|x64
		Debug|x86 = Debug|x86
		Release|x64 = Release|x64
		Release|x86 = Release|x86
	EndGlobalSection
	GlobalSection(ProjectConfigurationPlatforms) = postSolution
		{DC1FE67B-4682-4AAE-807D-17988DFA2A36}.Debug|x64.ActiveCfg = Debug|x64
		{DC1FE67B-4682-4AAE-807D-17988DFA2A36}.Debug|x64.Build.0 = Debug|x64
		{DC1FE67B-4682-4AAE-807D-17988DFA2A36}.Debug|x86.ActiveCfg = Debug|Win32
		{DC1FE67B-4682-4AAE-807D-17988DFA2A36}.Debug|x86.Build.0 = Debug|Win32
		{DC1FE67B-4682-4AAE-807D-17988DFA2A36}.Release|x64.ActiveCfg = Release|x64
		{DC1FE67B-4682-4AAE-807D-17988DFA2A36}.Release|x64.Build.0 = Release|x64
		{DC1FE67B-4682-4AAE-807D-17988DFA2A36}.Release|x86.ActiveCfg = Release|Win32
		{DC1FE67B-4682-4AAE-807D-17988DFA2A36}.Release|x86.Build.0 = Release|Win32
		{07E0AC43-5285-49E4-9191-61A31A1BFE59}.Debug|x64.ActiveCfg = Debug|x64
		{07E0AC43-5285-49E4-9191-61A31A1BFE59}.Debug|x64.Build.0 = Debug|x64
		{07E0AC43-5285-49E4-9191-61A31A1BFE59}.Debug|x86.ActiveCfg = Debug|Win32
		{07E0AC43-5285-49E4-9191-61A31A1BFE59}.Debug|x86.Build.0 = Debug|Win32
		{07E0AC43-5285-49E4-9191-61A31A1BFE59}.Release|x64.ActiveCfg = Release|x64
		{07E0AC43-5285-49E4-9191-61A31A1BFE59}.Release|x64.Build.0 = Release|x64
		{07E0AC43-5285-49E4-9191-61A31A1BFE59}.Release|x86.ActiveCfg = Release|Win32
		{07E0AC43-5285-49E4-9191-61A31A1BFE59}.Release|x86.Build.0 = Release|Win32
		{5CB8251E-B3F6-46CE-A6EC-3C18908DF677}.Debug|x64.ActiveCfg = Debug|x64
		{5CB8251E-B3F6-46CE-A6EC-3C18908DF677}.Debug|x64.Build.0 = Debug|x64
		{5CB8251E-B3F6-46CE-A6EC-3C18908DF677}.Debug|x86.ActiveCfg = Debug|Win32
		{5CB8251E-B3F6-46CE-A6EC-3C18908DF677}.Debug|x86.Build.0 = Debug|Win32
		{5CB8251E-B3F6-46CE-A6EC-3C18908DF677}.Release|x64.ActiveCfg = Release|x64
		{5CB8251E-B3F6-46CE-A6EC-3C18908DF677}.Release|x64.Build.0 = Release|x64
		{5CB8251E-B3F6-46CE-A6EC-3C18908DF677}.Release|x86.ActiveCfg = Release|Win32
		{5CB8251E-B3F6-46CE-A6EC-3C18908DF677}.Release|x86.Build.0 = Release|Win32
		{04CA60A9-3A27-41A6-850F-68439508345D}.Debug|x64.ActiveCfg = Debug|x64
		{04CA60A9-3A27-41A6-850F-68439508345D}.Debug|x64.Build.0 = Debug|x64
		{04CA60A9-3A27-41A6-850F-68439508345D}.Debug|x86.ActiveCfg = Debug|Win32
		{04CA60A9-3A27-41A6-850F-68439508345D}.Debug|x86.Build.0 = Debug|Win32
		{04CA60A9-3A27-41A6-850F-68439508345D}.Release|x64.ActiveCfg = Release|x64
		{04CA60A9-3A27-41A6-850F-68439508345D}.Release|x64.Build.0 = Release|x64
		{04CA60A9-3A27-41A6-850F-68439508345D}.Release|x86.ActiveCfg = Release|Win32
		{04CA60A9-3A27-41A6-850F-68439508345D}.Release|x86.Build.0 = Release|Win32
		{A7A4012C-5DC8-4455-B274-1BAC9BC29AFF}.Debug|x64.ActiveCfg = Debug|x64
		{A7A4012C-5DC8-4455-B274-1BAC9BC29AFF}.Debug|x64.Build.0 = Debug|x64
		{A7A4012C-5DC8-4455-B274-1BAC9BC29AFF}.Debug|x86.ActiveCfg = Debug|Win32
		{A7A4012C-5DC8-4455-B274-1BAC9BC29AFF}.Debug|x86.Build.0 = Debug|Win32
		{A7A4012C-5DC8-4455-B274-1BAC9BC29AFF}.Release|x64.ActiveCfg = Release|x64
		{A7A4012C-5DC8-4455-B274-1BAC9BC29AFF}.Release|x64.Build.0 = Release|x64
		{A7A4012C-5DC8-4455-B274-1BAC9BC29AFF}.Release|x86.ActiveCfg = Release|Win32
		{A7A4012C-5DC8-4455-B274-1BAC9BC29AFF}.Release|x86.Build.0 = Release|Win32
		{D10A4053-6BA7-4958-B518-1EFB3EC7F77F}.Debug|x64.ActiveCfg = Debug|x64
		{D10A4053-6BA7-4958-B518-1EFB3EC7F77F}.Debug|x64.Build.0 = Debug|x64
		{D10A4053-6BA7-4958-B518-1EFB3EC7F77F}.Debug|x86.ActiveCfg = Debug|Win32
		{D10A4053-6BA7-4958-B518-1EFB3EC7F77F}.Debug|x86.Build.0 = Debug|Win32
		{D10A4053-6BA7-4958-B518-1EFB3EC7F77F}.Release|x64.ActiveCfg = Release|x64
		{D10A4053-6BA7-4958-B518-1EFB3EC7F77F}.Release|x64.Build.0 = Release|x64
		{D10A4053-6BA7-4958-B518-1EFB3EC7F77F}.Release|x86.ActiveCfg = Release|Win32
		{D10A4053-6BA7-4958-B518-1EFB3EC7F77F}.Release|x86.Build.0 = Release|Win32
		{4EE26A06-F1CF-4E42-BF46-024E04CAADA4}.Debug|x64.ActiveCfg = Debug|x64
		{4EE26A06-F1CF-4E42-BF46-024E04CAADA4}.Debug|x64.Build.0 = Debug|x64
		{4EE26A06-F1CF-4E42-BF46-024E04CAADA4}.Debug|x86.ActiveCfg = Debug|Win32
		{4EE26A06-F1CF-4E42-BF46-024E04CAADA4}.Debug|x86.Build.0 = Debug|Win32
		{4EE26A06-F1CF-4E42-BF46-024E04CAADA4}.Release|x64.ActiveCfg = Release|x64
		{4EE26A06-F1CF-4E42-BF46-024E04CAADA4}.Release|x64.Build.0 = Release|x64
		{4EE26A06-F1CF-4E42-BF46-024E04CAADA4}.Release|x86.ActiveCfg = Release|Win32
		{4EE26A06-F1CF-4E42-BF46-024E04CAADA4}.Release|x86.Build.0 = Release|Win32
		{56581EFF-D3C3-4716-BA9B-003B66F0457C}.Debug|x64.ActiveCfg = Debug|x64
		{56581EFF-D3C3-4716-BA9B-003B66F0457C}.Debug|x64.Build.0 = Debug|x64
		{56581EFF-D3C3-4716-BA9B-003B66F0457C}.Debug|x86.ActiveCfg = Debug|Win32
		{56581EFF-D3C3-4716-BA9B-003B66F0457C}.Debug|x86.Build.0 = Debug|Win32
		{56581EFF-D3C3-4716-BA9B-003B66F0457C}.Release|x64.ActiveCfg = Release|x64
		{56581EFF-D3C3-4716-BA9B-003B66F0457C}.Release|x64.Build.0 = Release|x64
		{56581EFF-D3C3-4716-BA9B-003B66F0457C}.Release|x86.ActiveCfg = Release|Win32
		{56581EFF-D3C3-4716-BA9B-003B66F0457C}.Release|x86.Build.0 = Release|Win32
		{9D70D21A-B9F8-4789-AA9E-F79769DD842C}.Debug|x64.ActiveCfg = Debug|x64
		{9D70D21A-B9F8-4789-AA9E-F79769DD842C}.Debug|x64.Build.0 = Debug|x64
		{9D70D21A-B9F8-4789-AA9E-F79769DD842C}.Debug|x86.ActiveCfg = Debug|Win32
		{9D70D21A-B9F8-4789-AA9E-F79769DD842C}.Debug|x86.Build.0 = Debug|Win32
		{9D70D21A-B9F8-4789-AA9E-F79769DD842C}.Release|x64.ActiveCfg = Release|x64
		{9D70D21A-B9F8-4789-AA9E-F79769DD842C}.Release|x64.Build.0 = Release|x64
		{9D70D21A-B9F8-4789-AA9E-F79769DD842C}.Release|x86.ActiveCfg = Release|Win32
		{9D70D21A-B9F8-4789-AA9E-F79769DD842C}.Release|x86.Build.0 = Release|Win32
		{99FB590E-FCE2-4A81-B948-D9016B4847EB}.Debug|x64.ActiveCfg = Debug|x64
		{99FB590E-FCE2-4A81-B948-D9016B4847EB}.Debug|x64.Build.0 = Debug|x64
		{99FB590E-FCE2-4A81-B948-D9016B4847EB}.Debug|x86.ActiveCfg = Debug|Win32
		{99FB590E-FCE2-4A81-B948-D9016B4847EB}.Debug|x86.Build.0 = Debug|Win32
		{99FB590E-FCE2-4A81-B948-D9016B4847EB}.Release|x64.ActiveCfg = Release|x64
		{99FB590E-FCE2-4A81-B948-D9016B4847EB}.Release|x64.Build.0 = Release|x64
		{99FB590E-FCE2-4A81-B948-D9016B4847EB}.Release|x86.ActiveCfg = Release|Win32
		{99FB590E-FCE2-4A81-B948-D9016B4847EB}.Release|x86.Build.0 = Release|Win32
		{1AE5C379-95C7-4916-BE76-445262FC5B31}.Debug|x64.ActiveCfg = Debug|x64
		{1AE5C379-95C7-4916-BE76-445262FC5B31}.Debug|x64.Build.0 = Debug|x64
		{1AE5C379-95C7-4916-BE76-445262FC5B31}.Debug|x86.ActiveCfg = Debug|Win32
		{1AE5C379-95C7-4916-BE76-445262FC5B31}.Debug|x86.Build.0 = Debug|Win32
		{1AE5C379-95C7-4916-BE76-445262FC5B31}.Release|x64.ActiveCfg = Release|x64
		{1AE5C379-95C7-4916-BE76-445262FC5B31}.Release|x64.Build.0 = Release|x64
		{1AE5C379-95C7-4916-BE76-445262FC5B31}.Release|x86.ActiveCfg = Release|Win32
		{1AE5C379-95C7-4916-BE76-445262FC5B31}.Release|x86.Build.0 = Release|Win32
		{828BF3BF-D2ED-4393-A982-013DCBBA05A5}.Debug|x64.ActiveCfg = Debug|x64
		{828BF3BF-D2ED-4393-A982-013DCBBA05A5}.Debug|x64.Build.0 = Debug|x64
		{828BF3BF-D2ED-4393-A982-013DCBBA05A5}.Debug|x86.ActiveCfg = Debug|Win32
		{828BF3BF-D2ED-4393-A982-013DCBBA05A5}.Debug|x86.Build.0 = Debug|Win32
		{828BF3BF-D2ED-4393-A982-013DCBBA05A5}.Release|x64.ActiveCfg = Release|x64
		{828BF3BF-D2ED-4393-A982-013DCBBA05A5}.Release|x64.Build.0 = Release|x64
		{828BF3BF-D2ED-4393-A982-013DCBBA05A5}.Release|x86.ActiveCfg = Release|Win32
		{828BF3BF-D2ED-4393-A982-013DCBBA05A5}.Release|x86.Build.0 = Release|Win32
		{179846C8-D8B3-465A-BE48-F1641869783A}.Debug|x64.ActiveCfg = Debug|x64
		{179846C8-D8B3-465A-BE48-F1641869783A}.Debug|x64.Build.0 = Debug|x64
		{179846C8-D8B3-465A-BE48-F1641869783A}.Debug|x86.ActiveCfg = Debug|Win32
		{179846C8-D8B3-465A-BE48-F1641869783A}.Debug|x86.Build.0 = Debug|Win32
		{179846C8-D8B3-465A-BE48-F1641869783A}.Release|x64.ActiveCfg = Release|x64
		{179846C8-D8B3-465A-BE48-F1641869783A}.Release|x64.Build.0 = Release|x64
		{179846C8-D8B3-465A-BE48-F1641869783A}.Release|x86.ActiveCfg = Release|Win32
		{179846C8-D8B3-465A-BE48-F1641869783A}.Release|x86.Build.0 = Release|Win32
		{02E3F5F6-BE31-4F95-8B53-73835A32EEB3}.Debug|x64.ActiveCfg = Debug|x64
		{02E3F5F6-BE31-4F95-8B53-73835A32EEB3}.Debug|x64.Build.0 = Debug|x64
		{02E3F5F6-BE31-4F95-8B53-73835A32EEB3}.Debug|x86.ActiveCfg = Debug|Win32
		{02E3F5F6-BE31-4F95-8B53-73835A32EEB3}.Debug|x86.Build.0 = Debug|Win32
		{02E3F5F6-BE31-4F95-8B53-73835A32EEB3}.Release|x64.ActiveCfg = Release|x64
		{02E3F5F6-BE31-4F95-8B53-73835A32EEB3}.Release|x64.Build.0 = Release|x64
		{02E3F5F6-BE31-4F95-8B53-73835A32EEB3}.Release|x86.ActiveCfg = Release|Win32
		{02E3F5F6-BE31-4F95-8B53-73835A32EEB3}.Release|x86.Build.0 = Release|Win32
		{D04DAD1C-F118-4A02-BCC8-327776F66F18}.Debug|x64.ActiveCfg = Debug|x64
		{D04DAD1C-F118-4A02-BCC8-327776F66F18}.Debug|x64.Build.0 = Debug|x64
		{D04DAD1C-F118-4A02-BCC8-327776F66F18}.Debug|x86.ActiveCfg = Debug|Win32
		{D04DAD1C-F118-4A02-BCC8-327776F66F18}.Debug|x86.Build.0 = Debug|Win32
		{D04DAD1C-F118-4A02-BCC8-327776F66F18}.Release|x64.ActiveCfg = Release|x64
		{D04DAD1C-F118-4A02-BCC8-327776F66F18}.Release|x64.Build.0 = Release|x64
		{D04DAD1C-F118-4A02-BCC8-327776F66F18}.Release|x86.ActiveCfg = Release|Win32
		{D04DAD1C-F118-4A02-BCC8-327776F66F18}.Release|x86.Build.0 = Release|Win32
		{76183348-814E-4354-BE41-309353E0D31A}.Debug|x64.ActiveCfg = Debug|x64
		{76183348-814E-4354-BE41-309353E0D31A}.Debug|x64.Build.0 = Debug|x64
		{76183348-814E-4354-BE41-309353E0D31A}.Debug|x86.ActiveCfg = Debug|Win32
		{76183348-814E-4354-BE41-309353E0D31A}.Debug|x86.Build.0 = Debug|Win32
		{76183348-814E-4354-BE41-309353E0D31A}.Release|x64.ActiveCfg = Release|x64
		{76183348-814E-4354-BE41-309353E0D31A}.Release|x64.Build.0 = Release|x64
		{76183348-814E-4354-BE41-309353E0D31A}.Release|x86.ActiveCfg = Release|Win32
		{76183348-814E-4354-BE41-309353E0D31A}.Release|x86.Build.0 = Release|Win32
		{340792B7-683D-4C48-9688-76A76D3F2D8F}.Debug|x64.ActiveCfg = Debug|x64
		{340792B7-683D-4C48-9688-76A76D3F2D8F}.Debug|x64.Build.0 = Debug|x64
		{340792B7-683D-4C48-9688-76A76D3F2D8F}.Debug|x86.ActiveCfg = Debug|Win32
		{340792B7-683D-4C48-9688-76A76D3F2D8F}.Debug|x86.Build.0 = Debug|Win32
		{340792B7-683D-4C48-9688-76A76D3F2D8F}.Release|x64.ActiveCfg = Release|x64
		{340792B7-683D-4C48-9688-76A76D3F2D8F}.Release|x64.Build.0 = Release|x64
		{340792B7-683D-4C48-9688-76A76D3F2D8F}.Release|x86.ActiveCfg = Release|Win32
		{340792B7-683D-4C48-9688-76A76D3F2D8F}.Release|x86.Build.0 = Release|Win32
		{53412AE6-7396-46F2-83B8-F1ABF71F654D}.Debug|x64.ActiveCfg = Debug|x64
		{53412AE6-7396-46F2-83B8-F1ABF71F654D}.Debug|x64.Build.0 = Debug|x64
		{53412AE6-7396-46F2-83B8-F1ABF71F654D}.Debug|x86.ActiveCfg = Debug|Win32
		{53412AE6-7396-46F2-83B8-F1ABF71F654D}.Debug|x86.Build.0 = Debug|Win32
		{53412AE6-7396-46F2-83B8-F1ABF71F654D}.Release|x64.ActiveCfg = Release|x64
		{53412AE6-7396-46F2-83B8-F1ABF71F654D}.Release|x64.Build.0 = Release|x64
		{53412AE6-7396-46F2-83B8-F1ABF71F654D}.Release|x86.ActiveCfg = Release|Win32
		{53412AE6-7396-46F2-83B8-F1ABF71F654D}.Release|x86.Build.0 = Release|Win32
		{2F9518D5-F7D4-4AD1-B23B-FFC9C1649F52}.Debug|x64.ActiveCfg = Debug|x64
		{2F9518D5-F7D4-4AD1-B23B-FFC9C1649F52}.Debug|x64.Build.0 = Debug|x64
		{2F9518D5-F7D4-4AD1-B23B-FFC9C1649F52}.Debug|x86.ActiveCfg = Debug|Win32
		{2F9518D5-F7D4-4AD1-B23B-FFC9C1649F52}.Debug|x86.Build.0 = Debug|Win32
		{2F9518D5-F7D4-4AD1-B23B-FFC9C1649F52}.Release|x64.ActiveCfg = Release|x64
		{2F9518D5-F7D4-4AD1-B23B-FFC9C1649F52}.Release|x64.Build.0 = Release|x64
		{2F9518D5-F7D4-4AD1-B23B-FFC9C1649F52}.Release|x86.ActiveCfg = Release|Win32
		{2F9518D5-F7D4-4AD1-B23B-FFC9C1649F52}.Release|x86.Build.0 = Release|Win32
		{2ED04EE2-3028-441F-9D31-972027F4C689}.Debug|x64.ActiveCfg = Debug|x64
		{2ED04EE2-3028-441F-9D31-972027F4C689}.Debug|x64.Build.0 = Debug|x64
		{2ED04EE2-3028-441F-9D31-972027F4C689}.Debug|x86.ActiveCfg = Debug|Win32
		{2ED04EE2-3028-441F-9D31-972027F4C689}.Debug|x86.Build.0 = Debug|Win32
		{2ED04EE2-3028-441F-9D31-972027F4C689}.Release|x64.ActiveCfg = Release|x64
		{2ED04EE2-3028-441F-9D31-972027F4C689}.Release|x64.Build.0 = Release|x64
		{2ED04EE2-3028-441F-9D31-972027F4C689}.Release|x86.ActiveCfg = Release|Win32
		{2ED04EE2-3028-441F-9D31-972027F4C689}.Release|x86.Build.0 = Release|Win32
		{00DA5D6D-C97E-4353-9556-A0FAAD73B551}.Debug|x64.ActiveCfg = Debug|x64
		{00DA5D6D-C97E-4353-9556-A0FAAD73B551}.Debug|x64.Build.0 = Debug|x64
		{00DA5D6D-C97E-4353-9556-A0FAAD73B551}.Debug|x86.ActiveCfg = Debug|Win32
		{00DA5D6D-C97E-4353-9556-A0FAAD73B551}.Debug|x86.Build.0 = Debug|Win32
		{00DA5D6D-C97E-4353-9556-A0FAAD73B551}.Release|x64.ActiveCfg = Release|x64
		{00DA5D6D-C97E-4353-9556-A0FAAD73B551}.Release|x64.Build.0 = Release|x64
		{00DA5D6D-C97E-4353-9556-A0FAAD73B551}.Release|x86.ActiveCfg = Release|Win32
		{00DA5D6D-C97E-4353-9556-A0FAAD73B551}.Release|x86.Build.0 = Release|Win32
		{C50DFC06-B1D4-4494-9858-F599609ED2E3}.Debug|x64.ActiveCfg = Debug|x64
		{C50DFC06-B1D4-4494-9858-F599609ED2E3}.Debug|x64.Build.0 = Debug|x64
		{C50DFC06-B1D4-4494-9858-F599609ED2E3}.Debug|x86.ActiveCfg = Debug|Win32
		{C50DFC06-B1D4-4494-9858-F599609ED2E3}.Debug|x86.Build.0 = Debug|Win32
		{C50DFC06-B1D4-4494-9858-F599609ED2E3}.Release|x64.ActiveCfg = Release|x64
		{C50DFC06-B1D4-4494-9858-F599609ED2E3}.Release|x64.Build.0 = Release|x64
		{C50DFC06-B1D4-4494-9858-F599609ED2E3}.Release|x86.ActiveCfg = Release|Win32
		{C50DFC06-B1D4-4494-9858-F599609ED2E3}.Release|x86.Build.0 = Release|Win32
		{713BCB74-637B-4330-9447-F80045C213D2}.Debug|x64.ActiveCfg = Debug|x64
		{713BCB74-637B-4330-9447-F80045C213D2}.Debug|x64.Build.0 = Debug|x64
		{713BCB74-637B-4330-9447-F80045C213D2}.Debug|x86.ActiveCfg = Debug|Win32
		{713BCB74-637B-4330-9447-F80045C213D2}.Debug|x86.Build.0 = Debug|Win32
		{713BCB74-637B-4330-9447-F80045C213D2}.Release|x64.ActiveCfg = Release|x64
		{713BCB74-637B-4330-9447-F80045C213D2}.Release|x64.Build.0 = Release|x64
		{713BCB74-637B-4330-9447-F80045C213D2}.Release|x86.ActiveCfg = Release|Win32
		{713BCB74-637B-4330-9447-F80045C213D2}.Release|x86.Build.0 = Release|Win32
		{FAF0555B-B75D-443C-AC7F-7276920BDC99}.Debug|x64.ActiveCfg = Debug|x64
		{FAF0555B-B75D-443C-AC7F-7276920BDC99}.Debug|x64.Build.0 = Debug|x64
		{FAF0555B-B75D-443C-AC7F-7276920BDC99}.Debug|x86.ActiveCfg = Debug|Win32
		{FAF0555B-B75D-443C-AC7F-7276920BDC99}.Debug|x86.Build.0 = Debug|Win32
		{FAF0555B-B75D-443C-AC7F-7276920BDC99}.Release|x64.ActiveCfg = Release|x64
		{FAF0555B-B75D-443C-AC7F-7276920BDC99}.Release|x64.Build.0 = Release|x64
		{FAF0555B-B75D-443C-AC7F-7276920BDC99}.Release|x86.ActiveCfg = Release|Win32
		{FAF0555B-B75D-443C-AC7F-7276920BDC99}.Release|x86.Build.0 = Release|Win32
		{E8FF4F72-8DA0-4D2F-B110-9E031A459CCA}.Debug|x64.ActiveCfg = Debug|x64
		{E8FF4F72-8DA0-4D2F-B110-9E031A459CCA}.Debug|x64.Build.0 = Debug|x64
		{E8FF4F72-8DA0-4D2F-B110-9E031A459CCA}.Debug|x86.ActiveCfg = Debug|Win32
		{E8FF4F72-8DA0-4D2F-B110-9E031A459CCA}.Debug|x86.Build.0 = Debug|Win32
		{E8FF4F72-8DA0-4D2F-B110-9E031A459CCA}.Release|x64.ActiveCfg = Release|x64
		{E8FF4F72-8DA0-4D2F-B110-9E031A459CCA}.Release|x64.Build.0 = Release|x64
		{E8FF4F72-8DA0-4D2F-B110-9E031A459CCA}.Release|x86.ActiveCfg = Release|Win32
		{E8FF4F72-8DA0-4D2F-B110-9E031A459CCA}.Release|x86.Build.0 = Release|Win32
		{265E0337-919A-4B06-934A-5E41F23485E8}.Debug|x64.ActiveCfg = Debug|x64
		{265E0337-919A-4B06-934A-5E41F23485E8}.Debug|x64.Build.0 = Debug|x64
		{265E0337-919A-4B06-934A-5E41F23485E8}.Debug|x86.ActiveCfg = Debug|Win32
		{265E0337-919A-4B06-934A-5E41F23485E8}.Debug|x86.Build.0 = Debug|Win32
		{265E0337-919A-4B06-934A-5E41F23485E8}.Release|x64.ActiveCfg = Release|x64
		{265E0337-919A-4B06-934A-5E41F23485E8}.Release|x64.Build.0 = Release|x64
		{265E0337-919A-4B06-934A-5E41F23485E8}.Release|x86.ActiveCfg = Release|Win32
		{265E0337-919A-4B06-934A-5E41F23485E8}.Release|x86.Build.0 = Release|Win32
		{9326669A-9200-4A58-BE17-701D2CACEA01}.Debug|x64.ActiveCfg = Debug|x64
		{9326669A-9200-4A58-BE17-701D2CACEA01}.Debug|x64.Build.0 = Debug|x64
		{9326669A-9200-4A58-BE17-701D2CACEA01}.Debug|x86.ActiveCfg = Debug|Win32
		{9326669A-9200-4A58-BE17-701D2CACEA01}.Debug|x86.Build.0 = Debug|Win32
		{9326669A-9200-4A58-BE17-701D2CACEA01}.Release|x64.ActiveCfg = Release|x64
		{9326669A-9200-4A58-BE17-701D2CACEA01}.Release|x64.Build.0 = Release|x64
		{9326669A-9200-4A58-BE17-701D2CACEA01}.Release|x86.ActiveCfg = Release|Win32
		{9326669A-9200-4A58-BE17-701D2CACEA01}.Release|x86.Build.0 = Release|Win32
	EndGlobalSection
	GlobalSection(SolutionProperties) = preSolution
		HideSolutionNode = FALSE
	EndGlobalSection
	GlobalSection(NestedProjects) = preSolution
		{DC1FE67B-4682-4AAE-807D-17988DFA2A36} = {94842CB8-38C1-4128-B747-6E11B9D0E24E}
		{07E0AC43-5285-49E4-9191-61A31A1BFE59} = {94842CB8-38C1-4128-B747-6E11B9D0E24E}
		{5CB8251E-B3F6-46CE-A6EC-3C18908DF677} = {94842CB8-38C1-4128-B747-6E11B9D0E24E}
		{04CA60A9-3A27-41A6-850F-68439508345D} = {94842CB8-38C1-4128-B747-6E11B9D0E24E}
		{A7A4012C-5DC8-4455-B274-1BAC9BC29AFF} = {94842CB8-38C1-4128-B747-6E11B9D0E24E}
		{D10A4053-6BA7-4958-B518-1EFB3EC7F77F} = {94842CB8-38C1-4128-B747-6E11B9D0E24E}
		{4EE26A06-F1CF-4E42-BF46-024E04CAADA4} = {E5325094-F56C-404B-B6DB-7937AFC14A5A}
		{56581EFF-D3C3-4716-BA9B-003B66F0457C} = {E5325094-F56C-404B-B6DB-7937AFC14A5A}
		{9D70D21A-B9F8-4789-AA9E-F79769DD842C} = {E5325094-F56C-404B-B6DB-7937AFC14A5A}
		{99FB590E-FCE2-4A81-B948-D9016B4847EB} = {E5325094-F56C-404B-B6DB-7937AFC14A5A}
		{1AE5C379-95C7-4916-BE76-445262FC5B31} = {127ADCBA-1C32-4A3C-BEA4-9737FADA1FE2}
		{828BF3BF-D2ED-4393-A982-013DCBBA05A5} = {127ADCBA-1C32-4A3C-BEA4-9737FADA1FE2}
		{179846C8-D8B3-465A-BE48-F1641869783A} = {127ADCBA-1C32-4A3C-BEA4-9737FADA1FE2}
		{02E3F5F6-BE31-4F95-8B53-73835A32EEB3} = {127ADCBA-1C32-4A3C-BEA4-9737FADA1FE2}
		{D04DAD1C-F118-4A02-BCC8-327776F66F18} = {E5325094-F56C-404B-B6DB-7937AFC14A5A}
		{76183348-814E-4354-BE41-309353E0D31A} = {E5325094-F56C-404B-B6DB-7937AFC14A5A}
		{340792B7-683D-4C48-9688-76A76D3F2D8F} = {E5325094-F56C-404B-B6DB-7937AFC14A5A}
		{53412AE6-7396-46F2-83B8-F1ABF71F654D} = {E5325094-F56C-404B-B6DB-7937AFC14A5A}
		{2F9518D5-F7D4-4AD1-B23B-FFC9C1649F52} = {E5325094-F56C-404B-B6DB-7937AFC14A5A}
		{2ED04EE2-3028-441F-9D31-972027F4C689} = {94842CB8-38C1-4128-B747-6E11B9D0E24E}
		{00DA5D6D-C97E-4353-9556-A0FAAD73B551} = {127ADCBA-1C32-4A3C-BEA4-9737FADA1FE2}
		{C50DFC06-B1D4-4494-9858-F599609ED2E3} = {94842CB8-38C1-4128-B747-6E11B9D0E24E}
		{713BCB74-637B-4330-9447-F80045C213D2} = {94842CB8-38C1-4128-B747-6E11B9D0E24E}
		{FAF0555B-B75D-443C-AC7F-7276920BDC99} = {94842CB8-38C1-4128-B747-6E11B9D0E24E}
		{E8FF4F72-8DA0-4D2F-B110-9E031A459CCA} = {94842CB8-38C1-4128-B747-6E11B9D0E24E}
		{265E0337-919A-4B06-934A-5E41F23485E8} = {94842CB8-38C1-4128-B747-6E11B9D0E24E}
		{9326669A-9200-4A58-BE17-701D2CACEA01} = {94842CB8-38C1-4128-B747-6E11B9D0E24E}
	EndGlobalSection
	GlobalSection(ExtensibilityGlobals) = postSolution
		SolutionGuid = {8DD5DD87-CECF-4132-A2F7-C5DE9080E94A}
	EndGlobalSection
EndGlobal
