
Microsoft Visual Studio Solution File, Format Version 12.00
# Visual Studio 15
VisualStudioVersion = 15.0.28010.2048
MinimumVisualStudioVersion = 10.0.40219.1
Project("{8BC9CEB8-8B4A-11D0-8D11-00A0C91BC942}") = "002AddTwoNumbers", "002AddTwoNumbers\002AddTwoNumbers.vcxproj", "{DC1FE67B-4682-4AAE-807D-17988DFA2A36}"
EndProject
Project("{8BC9CEB8-8B4A-11D0-8D11-00A0C91BC942}") = "001TwoSum", "001TwoSum\001TwoSum.vcxproj", "{07E0AC43-5285-49E4-9191-61A31A1BFE59}"
EndProject
Project("{8BC9CEB8-8B4A-11D0-8D11-00A0C91BC942}") = "003LongestSubString", "003LongestSubString\003LongestSubString.vcxproj", "{5CB8251E-B3F6-46CE-A6EC-3C18908DF677}"
EndProject
Project("{8BC9CEB8-8B4A-11D0-8D11-00A0C91BC942}") = "007ReverseIntenger", "007ReverseIntenger\007ReverseIntenger.vcxproj", "{04CA60A9-3A27-41A6-850F-68439508345D}"
EndProject
Project("{8BC9CEB8-8B4A-11D0-8D11-00A0C91BC942}") = "083RemoveDuplicatesFromSortedList", "083RemoveDuplicatesFromSortedList\083RemoveDuplicatesFromSortedList.vcxproj", "{A7A4012C-5DC8-4455-B274-1BAC9BC29AFF}"
EndProject
Project("{8BC9CEB8-8B4A-11D0-8D11-00A0C91BC942}") = "004MedianOfTwoSortedArrays", "004MedianOfTwoSortedArrays\004MedianOfTwoSortedArrays.vcxproj", "{D10A4053-6BA7-4958-B518-1EFB3EC7F77F}"
EndProject
Global
	GlobalSection(SolutionConfigurationPlatforms) = preSolution
		Debug|x64 = Debug|x64
		Debug|x86 = Debug|x86
		Release|x64 = Release|x64
		Release|x86 = Release|x86
	EndGlobalSection
	GlobalSection(ProjectConfigurationPlatforms) = postSolution
		{DC1FE67B-4682-4AAE-807D-17988DFA2A36}.Debug|x64.ActiveCfg = Debug|x64
		{DC1FE67B-4682-4AAE-807D-17988DFA2A36}.Debug|x64.Build.0 = Debug|x64
		{DC1FE67B-4682-4AAE-807D-17988DFA2A36}.Debug|x86.ActiveCfg = Debug|Win32
		{DC1FE67B-4682-4AAE-807D-17988DFA2A36}.Debug|x86.Build.0 = Debug|Win32
		{DC1FE67B-4682-4AAE-807D-17988DFA2A36}.Release|x64.ActiveCfg = Release|x64
		{DC1FE67B-4682-4AAE-807D-17988DFA2A36}.Release|x64.Build.0 = Release|x64
		{DC1FE67B-4682-4AAE-807D-17988DFA2A36}.Release|x86.ActiveCfg = Release|Win32
		{DC1FE67B-4682-4AAE-807D-17988DFA2A36}.Release|x86.Build.0 = Release|Win32
		{07E0AC43-5285-49E4-9191-61A31A1BFE59}.Debug|x64.ActiveCfg = Debug|x64
		{07E0AC43-5285-49E4-9191-61A31A1BFE59}.Debug|x64.Build.0 = Debug|x64
		{07E0AC43-5285-49E4-9191-61A31A1BFE59}.Debug|x86.ActiveCfg = Debug|Win32
		{07E0AC43-5285-49E4-9191-61A31A1BFE59}.Debug|x86.Build.0 = Debug|Win32
		{07E0AC43-5285-49E4-9191-61A31A1BFE59}.Release|x64.ActiveCfg = Release|x64
		{07E0AC43-5285-49E4-9191-61A31A1BFE59}.Release|x64.Build.0 = Release|x64
		{07E0AC43-5285-49E4-9191-61A31A1BFE59}.Release|x86.ActiveCfg = Release|Win32
		{07E0AC43-5285-49E4-9191-61A31A1BFE59}.Release|x86.Build.0 = Release|Win32
		{5CB8251E-B3F6-46CE-A6EC-3C18908DF677}.Debug|x64.ActiveCfg = Debug|x64
		{5CB8251E-B3F6-46CE-A6EC-3C18908DF677}.Debug|x64.Build.0 = Debug|x64
		{5CB8251E-B3F6-46CE-A6EC-3C18908DF677}.Debug|x86.ActiveCfg = Debug|Win32
		{5CB8251E-B3F6-46CE-A6EC-3C18908DF677}.Debug|x86.Build.0 = Debug|Win32
		{5CB8251E-B3F6-46CE-A6EC-3C18908DF677}.Release|x64.ActiveCfg = Release|x64
		{5CB8251E-B3F6-46CE-A6EC-3C18908DF677}.Release|x64.Build.0 = Release|x64
		{5CB8251E-B3F6-46CE-A6EC-3C18908DF677}.Release|x86.ActiveCfg = Release|Win32
		{5CB8251E-B3F6-46CE-A6EC-3C18908DF677}.Release|x86.Build.0 = Release|Win32
		{04CA60A9-3A27-41A6-850F-68439508345D}.Debug|x64.ActiveCfg = Debug|x64
		{04CA60A9-3A27-41A6-850F-68439508345D}.Debug|x64.Build.0 = Debug|x64
		{04CA60A9-3A27-41A6-850F-68439508345D}.Debug|x86.ActiveCfg = Debug|Win32
		{04CA60A9-3A27-41A6-850F-68439508345D}.Debug|x86.Build.0 = Debug|Win32
		{04CA60A9-3A27-41A6-850F-68439508345D}.Release|x64.ActiveCfg = Release|x64
		{04CA60A9-3A27-41A6-850F-68439508345D}.Release|x64.Build.0 = Release|x64
		{04CA60A9-3A27-41A6-850F-68439508345D}.Release|x86.ActiveCfg = Release|Win32
		{04CA60A9-3A27-41A6-850F-68439508345D}.Release|x86.Build.0 = Release|Win32
		{A7A4012C-5DC8-4455-B274-1BAC9BC29AFF}.Debug|x64.ActiveCfg = Debug|x64
		{A7A4012C-5DC8-4455-B274-1BAC9BC29AFF}.Debug|x64.Build.0 = Debug|x64
		{A7A4012C-5DC8-4455-B274-1BAC9BC29AFF}.Debug|x86.ActiveCfg = Debug|Win32
		{A7A4012C-5DC8-4455-B274-1BAC9BC29AFF}.Debug|x86.Build.0 = Debug|Win32
		{A7A4012C-5DC8-4455-B274-1BAC9BC29AFF}.Release|x64.ActiveCfg = Release|x64
		{A7A4012C-5DC8-4455-B274-1BAC9BC29AFF}.Release|x64.Build.0 = Release|x64
		{A7A4012C-5DC8-4455-B274-1BAC9BC29AFF}.Release|x86.ActiveCfg = Release|Win32
		{A7A4012C-5DC8-4455-B274-1BAC9BC29AFF}.Release|x86.Build.0 = Release|Win32
		{D10A4053-6BA7-4958-B518-1EFB3EC7F77F}.Debug|x64.ActiveCfg = Debug|x64
		{D10A4053-6BA7-4958-B518-1EFB3EC7F77F}.Debug|x64.Build.0 = Debug|x64
		{D10A4053-6BA7-4958-B518-1EFB3EC7F77F}.Debug|x86.ActiveCfg = Debug|Win32
		{D10A4053-6BA7-4958-B518-1EFB3EC7F77F}.Debug|x86.Build.0 = Debug|Win32
		{D10A4053-6BA7-4958-B518-1EFB3EC7F77F}.Release|x64.ActiveCfg = Release|x64
		{D10A4053-6BA7-4958-B518-1EFB3EC7F77F}.Release|x64.Build.0 = Release|x64
		{D10A4053-6BA7-4958-B518-1EFB3EC7F77F}.Release|x86.ActiveCfg = Release|Win32
		{D10A4053-6BA7-4958-B518-1EFB3EC7F77F}.Release|x86.Build.0 = Release|Win32
	EndGlobalSection
	GlobalSection(SolutionProperties) = preSolution
		HideSolutionNode = FALSE
	EndGlobalSection
	GlobalSection(ExtensibilityGlobals) = postSolution
		SolutionGuid = {8DD5DD87-CECF-4132-A2F7-C5DE9080E94A}
	EndGlobalSection
EndGlobal
